{
  "name": "BookStore-MERN",
  "lockfileVersion": 3,
  "requires": true,
  "packages": {
    "": {
      "dependencies": {
        "dotenv": "^16.3.1",
        "mongose": "^0.0.2-security"
      }
    },
    "node_modules/dotenv": {
      "version": "16.3.1",
      "resolved": "https://registry.npmjs.org/dotenv/-/dotenv-16.3.1.tgz",
      "integrity": "sha512-IPzF4w4/Rd94bA9imS68tZBaYyBWSCE47V1RGuMrB94iyTOIEwRmVL2x/4An+6mETpLrKJ5hQkB8W4kFAadeIQ==",
      "engines": {
        "node": ">=12"
      },
      "funding": {
        "url": "https://github.com/motdotla/dotenv?sponsor=1"
      }
    },
    "node_modules/mongose": {
      "version": "0.0.2-security",
      "resolved": "https://registry.npmjs.org/mongose/-/mongose-0.0.2-security.tgz",
      "integrity": "sha512-XJUBQHhC/12+hWtrcB1Ww+gkxSzbxg4VdjpNlBQGvFoyPm1bErhA+3n/IkWbGCkavFB1OSycpvpCRphPsZXgLw=="
    }
  }
}
